// !$*UTF8*$!
{
	archiveVersion = 1;
	classes = {
	};
	objectVersion = 56;
	objects = {

/* Begin PBXBuildFile section */
		010000000000000000000001 /* XingyuMusicBoxApp.swift in Sources */ = {isa = PBXBuildFile; fileRef = 020000000000000000000001 /* XingyuMusicBoxApp.swift */; };
		010000000000000000000002 /* AudioSource.swift in Sources */ = {isa = PBXBuildFile; fileRef = 020000000000000000000002 /* AudioSource.swift */; };
		010000000000000000000003 /* Song.swift in Sources */ = {isa = PBXBuildFile; fileRef = 020000000000000000000003 /* Song.swift */; };
		010000000000000000000004 /* SongLibrary.swift in Sources */ = {isa = PBXBuildFile; fileRef = 020000000000000000000004 /* SongLibrary.swift */; };
		010000000000000000000005 /* MusicPlayer.swift in Sources */ = {isa = PBXBuildFile; fileRef = 020000000000000000000005 /* MusicPlayer.swift */; };
		010000000000000000000006 /* PlayerViewModel.swift in Sources */ = {isa = PBXBuildFile; fileRef = 020000000000000000000006 /* PlayerViewModel.swift */; };
		010000000000000000000007 /* ContentView.swift in Sources */ = {isa = PBXBuildFile; fileRef = 020000000000000000000007 /* ContentView.swift */; };
		010000000000000000000008 /* NowPlayingView.swift in Sources */ = {isa = PBXBuildFile; fileRef = 020000000000000000000008 /* NowPlayingView.swift */; };
		010000000000000000000009 /* SongListView.swift in Sources */ = {isa = PBXBuildFile; fileRef = 020000000000000000000009 /* SongListView.swift */; };
		01000000000000000000000A /* FavoriteSongsView.swift in Sources */ = {isa = PBXBuildFile; fileRef = 02000000000000000000000A /* FavoriteSongsView.swift */; };
		01000000000000000000000B /* SettingsView.swift in Sources */ = {isa = PBXBuildFile; fileRef = 02000000000000000000000B /* SettingsView.swift */; };
		01000000000000000000000C /* MiniPlayerView.swift in Sources */ = {isa = PBXBuildFile; fileRef = 02000000000000000000000C /* MiniPlayerView.swift */; };
		01000000000000000000000D /* CoverView.swift in Sources */ = {isa = PBXBuildFile; fileRef = 02000000000000000000000D /* CoverView.swift */; };
		01000000000000000000000E /* PlayerControlsView.swift in Sources */ = {isa = PBXBuildFile; fileRef = 02000000000000000000000E /* PlayerControlsView.swift */; };
		01000000000000000000000F /* ProgressSliderView.swift in Sources */ = {isa = PBXBuildFile; fileRef = 02000000000000000000000F /* ProgressSliderView.swift */; };
		010000000000000000000010 /* GlassCardModifier.swift in Sources */ = {isa = PBXBuildFile; fileRef = 020000000000000000000010 /* GlassCardModifier.swift */; };
		010000000000000000000011 /* AdaptiveRootView.swift in Sources */ = {isa = PBXBuildFile; fileRef = 020000000000000000000011 /* AdaptiveRootView.swift */; };
		010000000000000000000028 /* IPadRootView.swift in Sources */ = {isa = PBXBuildFile; fileRef = 020000000000000000000028 /* IPadRootView.swift */; };
		010000000000000000000012 /* Assets.xcassets in Resources */ = {isa = PBXBuildFile; fileRef = 020000000000000000000012 /* Assets.xcassets */; };
		010000000000000000000014 /* PlaybackStateStore.swift in Sources */ = {isa = PBXBuildFile; fileRef = 020000000000000000000015 /* PlaybackStateStore.swift */; };
		010000000000000000000016 /* RecentPlayStore.swift in Sources */ = {isa = PBXBuildFile; fileRef = 020000000000000000000017 /* RecentPlayStore.swift */; };
		010000000000000000000018 /* AudioSessionManager.swift in Sources */ = {isa = PBXBuildFile; fileRef = 020000000000000000000019 /* AudioSessionManager.swift */; };
		01000000000000000000001A /* NowPlayingInfoManager.swift in Sources */ = {isa = PBXBuildFile; fileRef = 02000000000000000000001B /* NowPlayingInfoManager.swift */; };
		01000000000000000000001C /* RemoteCommandManager.swift in Sources */ = {isa = PBXBuildFile; fileRef = 02000000000000000000001D /* RemoteCommandManager.swift */; };
		01000000000000000000001D /* LyricsCacheStore.swift in Sources */ = {isa = PBXBuildFile; fileRef = 02000000000000000000001F /* LyricsCacheStore.swift */; };
		01000000000000000000001E /* LRCParser.swift in Sources */ = {isa = PBXBuildFile; fileRef = 020000000000000000000020 /* LRCParser.swift */; };
		010000000000000000000021 /* MusicVaultDTOs.swift in Sources */ = {isa = PBXBuildFile; fileRef = 020000000000000000000021 /* MusicVaultDTOs.swift */; };
		010000000000000000000022 /* MusicVaultApiClient.swift in Sources */ = {isa = PBXBuildFile; fileRef = 020000000000000000000022 /* MusicVaultApiClient.swift */; };
		010000000000000000000023 /* MusicVaultCacheStore.swift in Sources */ = {isa = PBXBuildFile; fileRef = 020000000000000000000023 /* MusicVaultCacheStore.swift */; };
		010000000000000000000024 /* MusicVaultConfig.swift in Sources */ = {isa = PBXBuildFile; fileRef = 020000000000000000000024 /* MusicVaultConfig.swift */; };
		010000000000000000000029 /* OpenApiHmacSigner.swift in Sources */ = {isa = PBXBuildFile; fileRef = 020000000000000000000029 /* OpenApiHmacSigner.swift */; };
		010000000000000000000025 /* MusicVaultLyricsService.swift in Sources */ = {isa = PBXBuildFile; fileRef = 020000000000000000000025 /* MusicVaultLyricsService.swift */; };
		010000000000000000000026 /* MusicVaultArtworkService.swift in Sources */ = {isa = PBXBuildFile; fileRef = 020000000000000000000026 /* MusicVaultArtworkService.swift */; };
		010000000000000000000027 /* MusicVaultMetadataService.swift in Sources */ = {isa = PBXBuildFile; fileRef = 020000000000000000000027 /* MusicVaultMetadataService.swift */; };
		010000000000000000000031 /* PhonographView.swift in Sources */ = {isa = PBXBuildFile; fileRef = 020000000000000000000031 /* PhonographView.swift */; };
		010000000000000000000032 /* NowPlaying in Resources */ = {isa = PBXBuildFile; fileRef = 020000000000000000000032 /* NowPlaying */; };
		011000000000000000000001 /* XingyuMusicBoxMacApp.swift in Sources */ = {isa = PBXBuildFile; fileRef = 021000000000000000000001 /* XingyuMusicBoxMacApp.swift */; };
		011000000000000000000002 /* MacPlayerViewModel.swift in Sources */ = {isa = PBXBuildFile; fileRef = 021000000000000000000002 /* MacPlayerViewModel.swift */; };
		011000000000000000000003 /* MacRootView.swift in Sources */ = {isa = PBXBuildFile; fileRef = 021000000000000000000003 /* MacRootView.swift */; };
		011000000000000000000004 /* MusicVaultDTOs.swift in Sources */ = {isa = PBXBuildFile; fileRef = 020000000000000000000021 /* MusicVaultDTOs.swift */; };
		011000000000000000000005 /* MusicVaultApiClient.swift in Sources */ = {isa = PBXBuildFile; fileRef = 020000000000000000000022 /* MusicVaultApiClient.swift */; };
		011000000000000000000006 /* MusicVaultConfig.swift in Sources */ = {isa = PBXBuildFile; fileRef = 020000000000000000000024 /* MusicVaultConfig.swift */; };
		011000000000000000000007 /* OpenApiHmacSigner.swift in Sources */ = {isa = PBXBuildFile; fileRef = 020000000000000000000029 /* OpenApiHmacSigner.swift */; };
		011000000000000000000008 /* AudioSource.swift in Sources */ = {isa = PBXBuildFile; fileRef = 020000000000000000000002 /* AudioSource.swift */; };
		011000000000000000000009 /* Song.swift in Sources */ = {isa = PBXBuildFile; fileRef = 020000000000000000000003 /* Song.swift */; };
		01100000000000000000000A /* LRCParser.swift in Sources */ = {isa = PBXBuildFile; fileRef = 020000000000000000000020 /* LRCParser.swift */; };
		01100000000000000000000B /* MacTheme.swift in Sources */ = {isa = PBXBuildFile; fileRef = 021000000000000000000008 /* MacTheme.swift */; };
		01100000000000000000000C /* Themes in Resources */ = {isa = PBXBuildFile; fileRef = 021000000000000000000009 /* Themes */; };
		01100000000000000000000D /* NowPlaying in Resources */ = {isa = PBXBuildFile; fileRef = 02100000000000000000000A /* NowPlaying */; };
		01100000000000000000000E /* Assets.xcassets in Resources */ = {isa = PBXBuildFile; fileRef = 02100000000000000000000B /* Assets.xcassets */; };
		01100000000000000000000F /* MacAppIcon.icns in Resources */ = {isa = PBXBuildFile; fileRef = 02100000000000000000000F /* MacAppIcon.icns */; };
		011000000000000000000010 /* PlaybackStateStore.swift in Sources */ = {isa = PBXBuildFile; fileRef = 020000000000000000000015 /* PlaybackStateStore.swift */; };
		011000000000000000000011 /* NowPlayingInfoManager.swift in Sources */ = {isa = PBXBuildFile; fileRef = 02000000000000000000001B /* NowPlayingInfoManager.swift */; };
		011000000000000000000012 /* RemoteCommandManager.swift in Sources */ = {isa = PBXBuildFile; fileRef = 02000000000000000000001D /* RemoteCommandManager.swift */; };
/* End PBXBuildFile section */

/* Begin PBXFileReference section */
		020000000000000000000001 /* XingyuMusicBoxApp.swift */ = {isa = PBXFileReference; lastKnownFileType = sourcecode.swift; path = XingyuMusicBoxApp.swift; sourceTree = "<group>"; };
		020000000000000000000002 /* AudioSource.swift */ = {isa = PBXFileReference; lastKnownFileType = sourcecode.swift; path = AudioSource.swift; sourceTree = "<group>"; };
		020000000000000000000003 /* Song.swift */ = {isa = PBXFileReference; lastKnownFileType = sourcecode.swift; path = Song.swift; sourceTree = "<group>"; };
		020000000000000000000004 /* SongLibrary.swift */ = {isa = PBXFileReference; lastKnownFileType = sourcecode.swift; path = SongLibrary.swift; sourceTree = "<group>"; };
		020000000000000000000005 /* MusicPlayer.swift */ = {isa = PBXFileReference; lastKnownFileType = sourcecode.swift; path = MusicPlayer.swift; sourceTree = "<group>"; };
		020000000000000000000006 /* PlayerViewModel.swift */ = {isa = PBXFileReference; lastKnownFileType = sourcecode.swift; path = PlayerViewModel.swift; sourceTree = "<group>"; };
		020000000000000000000007 /* ContentView.swift */ = {isa = PBXFileReference; lastKnownFileType = sourcecode.swift; path = ContentView.swift; sourceTree = "<group>"; };
		020000000000000000000008 /* NowPlayingView.swift */ = {isa = PBXFileReference; lastKnownFileType = sourcecode.swift; path = NowPlayingView.swift; sourceTree = "<group>"; };
		020000000000000000000009 /* SongListView.swift */ = {isa = PBXFileReference; lastKnownFileType = sourcecode.swift; path = SongListView.swift; sourceTree = "<group>"; };
		02000000000000000000000A /* FavoriteSongsView.swift */ = {isa = PBXFileReference; lastKnownFileType = sourcecode.swift; path = FavoriteSongsView.swift; sourceTree = "<group>"; };
		02000000000000000000000B /* SettingsView.swift */ = {isa = PBXFileReference; lastKnownFileType = sourcecode.swift; path = SettingsView.swift; sourceTree = "<group>"; };
		02000000000000000000000C /* MiniPlayerView.swift */ = {isa = PBXFileReference; lastKnownFileType = sourcecode.swift; path = MiniPlayerView.swift; sourceTree = "<group>"; };
		02000000000000000000000D /* CoverView.swift */ = {isa = PBXFileReference; lastKnownFileType = sourcecode.swift; path = CoverView.swift; sourceTree = "<group>"; };
		02000000000000000000000E /* PlayerControlsView.swift */ = {isa = PBXFileReference; lastKnownFileType = sourcecode.swift; path = PlayerControlsView.swift; sourceTree = "<group>"; };
		02000000000000000000000F /* ProgressSliderView.swift */ = {isa = PBXFileReference; lastKnownFileType = sourcecode.swift; path = ProgressSliderView.swift; sourceTree = "<group>"; };
		020000000000000000000010 /* GlassCardModifier.swift */ = {isa = PBXFileReference; lastKnownFileType = sourcecode.swift; path = GlassCardModifier.swift; sourceTree = "<group>"; };
		020000000000000000000011 /* AdaptiveRootView.swift */ = {isa = PBXFileReference; lastKnownFileType = sourcecode.swift; path = AdaptiveRootView.swift; sourceTree = "<group>"; };
		020000000000000000000012 /* Assets.xcassets */ = {isa = PBXFileReference; lastKnownFileType = folder.assetcatalog; path = Assets.xcassets; sourceTree = "<group>"; };
		020000000000000000000013 /* XingyuMusicBox.app */ = {isa = PBXFileReference; explicitFileType = wrapper.application; includeInIndex = 0; path = XingyuMusicBox.app; sourceTree = BUILT_PRODUCTS_DIR; };
		020000000000000000000015 /* PlaybackStateStore.swift */ = {isa = PBXFileReference; lastKnownFileType = sourcecode.swift; path = PlaybackStateStore.swift; sourceTree = "<group>"; };
		020000000000000000000017 /* RecentPlayStore.swift */ = {isa = PBXFileReference; lastKnownFileType = sourcecode.swift; path = RecentPlayStore.swift; sourceTree = "<group>"; };
		020000000000000000000019 /* AudioSessionManager.swift */ = {isa = PBXFileReference; lastKnownFileType = sourcecode.swift; path = AudioSessionManager.swift; sourceTree = "<group>"; };
		02000000000000000000001B /* NowPlayingInfoManager.swift */ = {isa = PBXFileReference; lastKnownFileType = sourcecode.swift; path = NowPlayingInfoManager.swift; sourceTree = "<group>"; };
		02000000000000000000001D /* RemoteCommandManager.swift */ = {isa = PBXFileReference; lastKnownFileType = sourcecode.swift; path = RemoteCommandManager.swift; sourceTree = "<group>"; };
		02000000000000000000001F /* LyricsCacheStore.swift */ = {isa = PBXFileReference; lastKnownFileType = sourcecode.swift; path = LyricsCacheStore.swift; sourceTree = "<group>"; };
		020000000000000000000020 /* LRCParser.swift */ = {isa = PBXFileReference; lastKnownFileType = sourcecode.swift; path = LRCParser.swift; sourceTree = "<group>"; };
		020000000000000000000021 /* MusicVaultDTOs.swift */ = {isa = PBXFileReference; lastKnownFileType = sourcecode.swift; path = MusicVaultDTOs.swift; sourceTree = "<group>"; };
		020000000000000000000022 /* MusicVaultApiClient.swift */ = {isa = PBXFileReference; lastKnownFileType = sourcecode.swift; path = MusicVaultApiClient.swift; sourceTree = "<group>"; };
		020000000000000000000023 /* MusicVaultCacheStore.swift */ = {isa = PBXFileReference; lastKnownFileType = sourcecode.swift; path = MusicVaultCacheStore.swift; sourceTree = "<group>"; };
		020000000000000000000024 /* MusicVaultConfig.swift */ = {isa = PBXFileReference; lastKnownFileType = sourcecode.swift; path = MusicVaultConfig.swift; sourceTree = "<group>"; };
		020000000000000000000029 /* OpenApiHmacSigner.swift */ = {isa = PBXFileReference; lastKnownFileType = sourcecode.swift; path = OpenApiHmacSigner.swift; sourceTree = "<group>"; };
		02000000000000000000002A /* OpenApiConfig.example.plist */ = {isa = PBXFileReference; lastKnownFileType = text.plist.xml; path = OpenApiConfig.example.plist; sourceTree = "<group>"; };
		02000000000000000000002B /* OpenApiConfig.plist */ = {isa = PBXFileReference; lastKnownFileType = text.plist.xml; path = OpenApiConfig.plist; sourceTree = "<group>"; };
		020000000000000000000025 /* MusicVaultLyricsService.swift */ = {isa = PBXFileReference; lastKnownFileType = sourcecode.swift; path = MusicVaultLyricsService.swift; sourceTree = "<group>"; };
		020000000000000000000026 /* MusicVaultArtworkService.swift */ = {isa = PBXFileReference; lastKnownFileType = sourcecode.swift; path = MusicVaultArtworkService.swift; sourceTree = "<group>"; };
		020000000000000000000027 /* MusicVaultMetadataService.swift */ = {isa = PBXFileReference; lastKnownFileType = sourcecode.swift; path = MusicVaultMetadataService.swift; sourceTree = "<group>"; };
		020000000000000000000031 /* PhonographView.swift */ = {isa = PBXFileReference; lastKnownFileType = sourcecode.swift; path = PhonographView.swift; sourceTree = "<group>"; };
		020000000000000000000032 /* NowPlaying */ = {isa = PBXFileReference; lastKnownFileType = folder; path = NowPlaying; sourceTree = "<group>"; };
		020000000000000000000028 /* IPadRootView.swift */ = {isa = PBXFileReference; lastKnownFileType = sourcecode.swift; path = IPadRootView.swift; sourceTree = "<group>"; };
		280429532FA78D6800B16AD9 /* Info.plist */ = {isa = PBXFileReference; lastKnownFileType = text.plist; path = Info.plist; sourceTree = "<group>"; };
		021000000000000000000001 /* XingyuMusicBoxMacApp.swift */ = {isa = PBXFileReference; lastKnownFileType = sourcecode.swift; path = XingyuMusicBoxMacApp.swift; sourceTree = "<group>"; };
		021000000000000000000002 /* MacPlayerViewModel.swift */ = {isa = PBXFileReference; lastKnownFileType = sourcecode.swift; path = MacPlayerViewModel.swift; sourceTree = "<group>"; };
		021000000000000000000003 /* MacRootView.swift */ = {isa = PBXFileReference; lastKnownFileType = sourcecode.swift; path = MacRootView.swift; sourceTree = "<group>"; };
		021000000000000000000004 /* Info.plist */ = {isa = PBXFileReference; lastKnownFileType = text.plist; path = Info.plist; sourceTree = "<group>"; };
		021000000000000000000005 /* OpenApiConfig.example.plist */ = {isa = PBXFileReference; lastKnownFileType = text.plist.xml; path = OpenApiConfig.example.plist; sourceTree = "<group>"; };
		021000000000000000000006 /* XingyuMusicBoxMac.app */ = {isa = PBXFileReference; explicitFileType = wrapper.application; includeInIndex = 0; path = XingyuMusicBoxMac.app; sourceTree = BUILT_PRODUCTS_DIR; };
		021000000000000000000007 /* XingyuMusicBoxMac.entitlements */ = {isa = PBXFileReference; lastKnownFileType = text.plist.entitlements; path = XingyuMusicBoxMac.entitlements; sourceTree = "<group>"; };
		021000000000000000000008 /* MacTheme.swift */ = {isa = PBXFileReference; lastKnownFileType = sourcecode.swift; path = MacTheme.swift; sourceTree = "<group>"; };
		021000000000000000000009 /* Themes */ = {isa = PBXFileReference; lastKnownFileType = folder; path = Themes; sourceTree = "<group>"; };
		02100000000000000000000A /* NowPlaying */ = {isa = PBXFileReference; lastKnownFileType = folder; path = NowPlaying; sourceTree = "<group>"; };
		02100000000000000000000B /* Assets.xcassets */ = {isa = PBXFileReference; lastKnownFileType = folder.assetcatalog; path = Assets.xcassets; sourceTree = "<group>"; };
		02100000000000000000000F /* MacAppIcon.icns */ = {isa = PBXFileReference; lastKnownFileType = image.icns; path = MacAppIcon.icns; sourceTree = "<group>"; };
/* End PBXFileReference section */

/* Begin PBXFrameworksBuildPhase section */
		030000000000000000000001 /* Frameworks */ = {
			isa = PBXFrameworksBuildPhase;
			buildActionMask = 2147483647;
			files = (
			);
			runOnlyForDeploymentPostprocessing = 0;
		};
		031000000000000000000001 /* Frameworks */ = {
			isa = PBXFrameworksBuildPhase;
			buildActionMask = 2147483647;
			files = (
			);
			runOnlyForDeploymentPostprocessing = 0;
		};
/* End PBXFrameworksBuildPhase section */

/* Begin PBXGroup section */
		040000000000000000000001 = {
			isa = PBXGroup;
			children = (
				040000000000000000000002 /* XingyuMusicBox */,
				041000000000000000000001 /* XingyuMusicBoxMac */,
				040000000000000000000009 /* Products */,
			);
			sourceTree = "<group>";
		};
		040000000000000000000002 /* XingyuMusicBox */ = {
			isa = PBXGroup;
			children = (
				280429532FA78D6800B16AD9 /* Info.plist */,
				020000000000000000000001 /* XingyuMusicBoxApp.swift */,
				040000000000000000000003 /* Models */,
				040000000000000000000004 /* Services */,
				040000000000000000000005 /* ViewModels */,
				040000000000000000000006 /* Views */,
				040000000000000000000008 /* Resources */,
				020000000000000000000012 /* Assets.xcassets */,
			);
			path = XingyuMusicBox;
			sourceTree = "<group>";
		};
		040000000000000000000003 /* Models */ = {
			isa = PBXGroup;
			children = (
				020000000000000000000003 /* Song.swift */,
				020000000000000000000002 /* AudioSource.swift */,
				020000000000000000000021 /* MusicVaultDTOs.swift */,
			);
			path = Models;
			sourceTree = "<group>";
		};
		040000000000000000000004 /* Services */ = {
			isa = PBXGroup;
			children = (
				020000000000000000000004 /* SongLibrary.swift */,
				020000000000000000000005 /* MusicPlayer.swift */,
				020000000000000000000015 /* PlaybackStateStore.swift */,
				020000000000000000000017 /* RecentPlayStore.swift */,
				020000000000000000000019 /* AudioSessionManager.swift */,
				02000000000000000000001B /* NowPlayingInfoManager.swift */,
				02000000000000000000001D /* RemoteCommandManager.swift */,
				02000000000000000000001F /* LyricsCacheStore.swift */,
				020000000000000000000020 /* LRCParser.swift */,
				020000000000000000000024 /* MusicVaultConfig.swift */,
				020000000000000000000029 /* OpenApiHmacSigner.swift */,
				020000000000000000000022 /* MusicVaultApiClient.swift */,
				020000000000000000000023 /* MusicVaultCacheStore.swift */,
				020000000000000000000025 /* MusicVaultLyricsService.swift */,
				020000000000000000000026 /* MusicVaultArtworkService.swift */,
				020000000000000000000027 /* MusicVaultMetadataService.swift */,
			);
			path = Services;
			sourceTree = "<group>";
		};
		040000000000000000000005 /* ViewModels */ = {
			isa = PBXGroup;
			children = (
				020000000000000000000006 /* PlayerViewModel.swift */,
			);
			path = ViewModels;
			sourceTree = "<group>";
		};
		040000000000000000000006 /* Views */ = {
			isa = PBXGroup;
			children = (
				020000000000000000000011 /* AdaptiveRootView.swift */,
				020000000000000000000028 /* IPadRootView.swift */,
				020000000000000000000007 /* ContentView.swift */,
				020000000000000000000008 /* NowPlayingView.swift */,
				020000000000000000000009 /* SongListView.swift */,
				02000000000000000000000A /* FavoriteSongsView.swift */,
				02000000000000000000000B /* SettingsView.swift */,
				02000000000000000000000C /* MiniPlayerView.swift */,
				040000000000000000000007 /* Components */,
			);
			path = Views;
			sourceTree = "<group>";
		};
		040000000000000000000007 /* Components */ = {
			isa = PBXGroup;
			children = (
				02000000000000000000000D /* CoverView.swift */,
				02000000000000000000000E /* PlayerControlsView.swift */,
				02000000000000000000000F /* ProgressSliderView.swift */,
				020000000000000000000010 /* GlassCardModifier.swift */,
				020000000000000000000031 /* PhonographView.swift */,
			);
			path = Components;
			sourceTree = "<group>";
		};
		040000000000000000000008 /* Resources */ = {
			isa = PBXGroup;
			children = (
				02000000000000000000002A /* OpenApiConfig.example.plist */,
				02000000000000000000002B /* OpenApiConfig.plist */,
				020000000000000000000032 /* NowPlaying */,
			);
			path = Resources;
			sourceTree = "<group>";
		};
		040000000000000000000009 /* Products */ = {
			isa = PBXGroup;
			children = (
				020000000000000000000013 /* XingyuMusicBox.app */,
				021000000000000000000006 /* XingyuMusicBoxMac.app */,
			);
			name = Products;
			sourceTree = "<group>";
		};
		041000000000000000000001 /* XingyuMusicBoxMac */ = {
			isa = PBXGroup;
			children = (
				021000000000000000000004 /* Info.plist */,
					021000000000000000000007 /* XingyuMusicBoxMac.entitlements */,
					02100000000000000000000B /* Assets.xcassets */,
					021000000000000000000001 /* XingyuMusicBoxMacApp.swift */,
					021000000000000000000008 /* MacTheme.swift */,
					041000000000000000000002 /* ViewModels */,
				041000000000000000000003 /* Views */,
				041000000000000000000004 /* Resources */,
			);
			name = XingyuMusicBoxMac;
			path = ../macos/XingyuMusicBoxMac;
			sourceTree = "<group>";
		};
		041000000000000000000002 /* ViewModels */ = {
			isa = PBXGroup;
			children = (
				021000000000000000000002 /* MacPlayerViewModel.swift */,
			);
			path = ViewModels;
			sourceTree = "<group>";
		};
		041000000000000000000003 /* Views */ = {
			isa = PBXGroup;
			children = (
				021000000000000000000003 /* MacRootView.swift */,
			);
			path = Views;
			sourceTree = "<group>";
		};
		041000000000000000000004 /* Resources */ = {
			isa = PBXGroup;
				children = (
					021000000000000000000005 /* OpenApiConfig.example.plist */,
					02100000000000000000000F /* MacAppIcon.icns */,
					021000000000000000000009 /* Themes */,
					02100000000000000000000A /* NowPlaying */,
				);
			path = Resources;
			sourceTree = "<group>";
		};
/* End PBXGroup section */

/* Begin PBXNativeTarget section */
		050000000000000000000001 /* XingyuMusicBox */ = {
			isa = PBXNativeTarget;
			buildConfigurationList = 090000000000000000000002 /* Build configuration list for PBXNativeTarget "XingyuMusicBox" */;
			buildPhases = (
				060000000000000000000001 /* Sources */,
				030000000000000000000001 /* Frameworks */,
				070000000000000000000001 /* Resources */,
				070000000000000000000002 /* Copy Local OpenAPI Config */,
			);
			buildRules = (
			);
			dependencies = (
			);
			name = XingyuMusicBox;
			productName = XingyuMusicBox;
			productReference = 020000000000000000000013 /* XingyuMusicBox.app */;
			productType = "com.apple.product-type.application";
		};
		051000000000000000000001 /* XingyuMusicBoxMac */ = {
			isa = PBXNativeTarget;
			buildConfigurationList = 091000000000000000000001 /* Build configuration list for PBXNativeTarget "XingyuMusicBoxMac" */;
			buildPhases = (
				061000000000000000000001 /* Sources */,
				031000000000000000000001 /* Frameworks */,
				071000000000000000000001 /* Resources */,
				071000000000000000000002 /* Copy Local OpenAPI Config */,
			);
			buildRules = (
			);
			dependencies = (
			);
			name = XingyuMusicBoxMac;
			productName = XingyuMusicBoxMac;
			productReference = 021000000000000000000006 /* XingyuMusicBoxMac.app */;
			productType = "com.apple.product-type.application";
		};
/* End PBXNativeTarget section */

/* Begin PBXProject section */
		080000000000000000000001 /* Project object */ = {
			isa = PBXProject;
			attributes = {
				BuildIndependentTargetsInParallel = 1;
				LastSwiftUpdateCheck = 1540;
				LastUpgradeCheck = 1540;
				TargetAttributes = {
					050000000000000000000001 = {
						CreatedOnToolsVersion = 15.4;
					};
					051000000000000000000001 = {
						CreatedOnToolsVersion = 15.4;
					};
				};
			};
			buildConfigurationList = 090000000000000000000001 /* Build configuration list for PBXProject "XingyuMusicBox" */;
			compatibilityVersion = "Xcode 14.0";
			developmentRegion = en;
			hasScannedForEncodings = 0;
			knownRegions = (
				en,
				Base,
			);
			mainGroup = 040000000000000000000001;
			productRefGroup = 040000000000000000000009 /* Products */;
			projectDirPath = "";
			projectRoot = "";
			targets = (
				050000000000000000000001 /* XingyuMusicBox */,
				051000000000000000000001 /* XingyuMusicBoxMac */,
			);
		};
/* End PBXProject section */

/* Begin PBXResourcesBuildPhase section */
		070000000000000000000001 /* Resources */ = {
			isa = PBXResourcesBuildPhase;
			buildActionMask = 2147483647;
			files = (
				010000000000000000000012 /* Assets.xcassets in Resources */,
				010000000000000000000032 /* NowPlaying in Resources */,
			);
			runOnlyForDeploymentPostprocessing = 0;
		};
		071000000000000000000001 /* Resources */ = {
			isa = PBXResourcesBuildPhase;
			buildActionMask = 2147483647;
			files = (
				01100000000000000000000E /* Assets.xcassets in Resources */,
				01100000000000000000000C /* Themes in Resources */,
				01100000000000000000000D /* NowPlaying in Resources */,
			);
			runOnlyForDeploymentPostprocessing = 0;
		};
/* End PBXResourcesBuildPhase section */

/* Begin PBXShellScriptBuildPhase section */
		070000000000000000000002 /* Copy Local OpenAPI Config */ = {
			isa = PBXShellScriptBuildPhase;
			buildActionMask = 2147483647;
			files = (
			);
			inputFileListPaths = (
			);
			inputPaths = (
				"$(SRCROOT)/XingyuMusicBox/Resources/OpenApiConfig.plist",
			);
			name = "Copy Local OpenAPI Config";
			outputFileListPaths = (
			);
			outputPaths = (
				"$(TARGET_BUILD_DIR)/$(UNLOCALIZED_RESOURCES_FOLDER_PATH)/OpenApiConfig.plist",
			);
			runOnlyForDeploymentPostprocessing = 0;
			shellPath = /bin/sh;
			shellScript = "CONFIG_PATH=\"${SRCROOT}/XingyuMusicBox/Resources/OpenApiConfig.plist\"\nDEST_PATH=\"${TARGET_BUILD_DIR}/${UNLOCALIZED_RESOURCES_FOLDER_PATH}/OpenApiConfig.plist\"\nif [ \"${CONFIGURATION}\" = \"Debug\" ] && [ -f \"$CONFIG_PATH\" ]; then\n  cp \"$CONFIG_PATH\" \"$DEST_PATH\"\nelse\n  rm -f \"$DEST_PATH\"\nfi\n";
		};
		071000000000000000000002 /* Copy Local OpenAPI Config */ = {
			isa = PBXShellScriptBuildPhase;
			buildActionMask = 2147483647;
			files = (
			);
			inputFileListPaths = (
			);
			inputPaths = (
				"$(SRCROOT)/XingyuMusicBox/Resources/OpenApiConfig.plist",
			);
			name = "Copy Local OpenAPI Config";
			outputFileListPaths = (
			);
			outputPaths = (
				"$(TARGET_BUILD_DIR)/$(UNLOCALIZED_RESOURCES_FOLDER_PATH)/OpenApiConfig.plist",
			);
			runOnlyForDeploymentPostprocessing = 0;
			shellPath = /bin/sh;
			shellScript = "CONFIG_PATH=\"${SRCROOT}/XingyuMusicBox/Resources/OpenApiConfig.plist\"\nDEST_PATH=\"${TARGET_BUILD_DIR}/${UNLOCALIZED_RESOURCES_FOLDER_PATH}/OpenApiConfig.plist\"\nif [ \"${CONFIGURATION}\" = \"Debug\" ] && [ -f \"$CONFIG_PATH\" ]; then\n  cp \"$CONFIG_PATH\" \"$DEST_PATH\"\nelse\n  rm -f \"$DEST_PATH\"\nfi\n";
		};
/* End PBXShellScriptBuildPhase section */

/* Begin PBXSourcesBuildPhase section */
		060000000000000000000001 /* Sources */ = {
			isa = PBXSourcesBuildPhase;
			buildActionMask = 2147483647;
			files = (
				010000000000000000000001 /* XingyuMusicBoxApp.swift in Sources */,
				010000000000000000000002 /* AudioSource.swift in Sources */,
				010000000000000000000003 /* Song.swift in Sources */,
				010000000000000000000004 /* SongLibrary.swift in Sources */,
				010000000000000000000005 /* MusicPlayer.swift in Sources */,
				010000000000000000000006 /* PlayerViewModel.swift in Sources */,
				010000000000000000000007 /* ContentView.swift in Sources */,
				010000000000000000000008 /* NowPlayingView.swift in Sources */,
				010000000000000000000009 /* SongListView.swift in Sources */,
				01000000000000000000000A /* FavoriteSongsView.swift in Sources */,
				01000000000000000000000B /* SettingsView.swift in Sources */,
				01000000000000000000000C /* MiniPlayerView.swift in Sources */,
				01000000000000000000000D /* CoverView.swift in Sources */,
				01000000000000000000000E /* PlayerControlsView.swift in Sources */,
				01000000000000000000000F /* ProgressSliderView.swift in Sources */,
				010000000000000000000010 /* GlassCardModifier.swift in Sources */,
				010000000000000000000031 /* PhonographView.swift in Sources */,
				010000000000000000000011 /* AdaptiveRootView.swift in Sources */,
				010000000000000000000014 /* PlaybackStateStore.swift in Sources */,
				010000000000000000000016 /* RecentPlayStore.swift in Sources */,
				010000000000000000000018 /* AudioSessionManager.swift in Sources */,
				01000000000000000000001A /* NowPlayingInfoManager.swift in Sources */,
				01000000000000000000001C /* RemoteCommandManager.swift in Sources */,
				01000000000000000000001D /* LyricsCacheStore.swift in Sources */,
				01000000000000000000001E /* LRCParser.swift in Sources */,
				010000000000000000000021 /* MusicVaultDTOs.swift in Sources */,
				010000000000000000000022 /* MusicVaultApiClient.swift in Sources */,
				010000000000000000000023 /* MusicVaultCacheStore.swift in Sources */,
				010000000000000000000024 /* MusicVaultConfig.swift in Sources */,
				010000000000000000000029 /* OpenApiHmacSigner.swift in Sources */,
				010000000000000000000025 /* MusicVaultLyricsService.swift in Sources */,
				010000000000000000000026 /* MusicVaultArtworkService.swift in Sources */,
				010000000000000000000027 /* MusicVaultMetadataService.swift in Sources */,
				010000000000000000000028 /* IPadRootView.swift in Sources */,
			);
			runOnlyForDeploymentPostprocessing = 0;
		};
		061000000000000000000001 /* Sources */ = {
			isa = PBXSourcesBuildPhase;
			buildActionMask = 2147483647;
			files = (
				011000000000000000000001 /* XingyuMusicBoxMacApp.swift in Sources */,
				01100000000000000000000B /* MacTheme.swift in Sources */,
				011000000000000000000002 /* MacPlayerViewModel.swift in Sources */,
				011000000000000000000003 /* MacRootView.swift in Sources */,
				011000000000000000000008 /* AudioSource.swift in Sources */,
				011000000000000000000009 /* Song.swift in Sources */,
				01100000000000000000000A /* LRCParser.swift in Sources */,
				011000000000000000000010 /* PlaybackStateStore.swift in Sources */,
				011000000000000000000011 /* NowPlayingInfoManager.swift in Sources */,
				011000000000000000000012 /* RemoteCommandManager.swift in Sources */,
				011000000000000000000004 /* MusicVaultDTOs.swift in Sources */,
				011000000000000000000005 /* MusicVaultApiClient.swift in Sources */,
				011000000000000000000006 /* MusicVaultConfig.swift in Sources */,
				011000000000000000000007 /* OpenApiHmacSigner.swift in Sources */,
			);
			runOnlyForDeploymentPostprocessing = 0;
		};
/* End PBXSourcesBuildPhase section */

/* Begin XCBuildConfiguration section */
		100000000000000000000001 /* Debug */ = {
			isa = XCBuildConfiguration;
			buildSettings = {
				ALWAYS_SEARCH_USER_PATHS = NO;
				CLANG_ANALYZER_NONNULL = YES;
				CLANG_ANALYZER_NUMBER_OBJECT_CONVERSION = YES_AGGRESSIVE;
				CLANG_CXX_LANGUAGE_STANDARD = "gnu++20";
				CLANG_ENABLE_MODULES = YES;
				CLANG_ENABLE_OBJC_ARC = YES;
				CLANG_ENABLE_OBJC_WEAK = YES;
				CLANG_WARN_BLOCK_CAPTURE_AUTORELEASING = YES;
				CLANG_WARN_BOOL_CONVERSION = YES;
				CLANG_WARN_COMMA = YES;
				CLANG_WARN_CONSTANT_CONVERSION = YES;
				CLANG_WARN_DEPRECATED_OBJC_IMPLEMENTATIONS = YES;
				CLANG_WARN_DIRECT_OBJC_ISA_USAGE = YES_ERROR;
				CLANG_WARN_DOCUMENTATION_COMMENTS = YES;
				CLANG_WARN_EMPTY_BODY = YES;
				CLANG_WARN_ENUM_CONVERSION = YES;
				CLANG_WARN_INFINITE_RECURSION = YES;
				CLANG_WARN_INT_CONVERSION = YES;
				CLANG_WARN_NON_LITERAL_NULL_CONVERSION = YES;
				CLANG_WARN_OBJC_IMPLICIT_RETAIN_SELF = YES;
				CLANG_WARN_OBJC_LITERAL_CONVERSION = YES;
				CLANG_WARN_OBJC_ROOT_CLASS = YES_ERROR;
				CLANG_WARN_QUOTED_INCLUDE_IN_FRAMEWORK_HEADER = YES;
				CLANG_WARN_RANGE_LOOP_ANALYSIS = YES;
				CLANG_WARN_STRICT_PROTOTYPES = YES;
				CLANG_WARN_SUSPICIOUS_MOVE = YES;
				CLANG_WARN_UNGUARDED_AVAILABILITY = YES_AGGRESSIVE;
				CLANG_WARN_UNREACHABLE_CODE = YES;
				CLANG_WARN__DUPLICATE_METHOD_MATCH = YES;
				COPY_PHASE_STRIP = NO;
				DEBUG_INFORMATION_FORMAT = dwarf;
				ENABLE_STRICT_OBJC_MSGSEND = YES;
				ENABLE_TESTABILITY = YES;
				ENABLE_USER_SCRIPT_SANDBOXING = YES;
				GCC_C_LANGUAGE_STANDARD = gnu17;
				GCC_DYNAMIC_NO_PIC = NO;
				GCC_NO_COMMON_BLOCKS = YES;
				GCC_OPTIMIZATION_LEVEL = 0;
				GCC_PREPROCESSOR_DEFINITIONS = (
					"DEBUG=1",
					"$(inherited)",
				);
				GCC_WARN_64_TO_32_BIT_CONVERSION = YES;
				GCC_WARN_ABOUT_RETURN_TYPE = YES_ERROR;
				GCC_WARN_UNDECLARED_SELECTOR = YES;
				GCC_WARN_UNINITIALIZED_AUTOS = YES_AGGRESSIVE;
				GCC_WARN_UNUSED_FUNCTION = YES;
				GCC_WARN_UNUSED_VARIABLE = YES;
				IPHONEOS_DEPLOYMENT_TARGET = 17.0;
				MTL_ENABLE_DEBUG_INFO = INCLUDE_SOURCE;
				MTL_FAST_MATH = YES;
				ONLY_ACTIVE_ARCH = YES;
				SDKROOT = iphoneos;
				SWIFT_ACTIVE_COMPILATION_CONDITIONS = "DEBUG $(inherited)";
				SWIFT_OPTIMIZATION_LEVEL = "-Onone";
			};
			name = Debug;
		};
		100000000000000000000002 /* Release */ = {
			isa = XCBuildConfiguration;
			buildSettings = {
				ALWAYS_SEARCH_USER_PATHS = NO;
				CLANG_ANALYZER_NONNULL = YES;
				CLANG_ANALYZER_NUMBER_OBJECT_CONVERSION = YES_AGGRESSIVE;
				CLANG_CXX_LANGUAGE_STANDARD = "gnu++20";
				CLANG_ENABLE_MODULES = YES;
				CLANG_ENABLE_OBJC_ARC = YES;
				CLANG_ENABLE_OBJC_WEAK = YES;
				CLANG_WARN_BLOCK_CAPTURE_AUTORELEASING = YES;
				CLANG_WARN_BOOL_CONVERSION = YES;
				CLANG_WARN_COMMA = YES;
				CLANG_WARN_CONSTANT_CONVERSION = YES;
				CLANG_WARN_DEPRECATED_OBJC_IMPLEMENTATIONS = YES;
				CLANG_WARN_DIRECT_OBJC_ISA_USAGE = YES_ERROR;
				CLANG_WARN_DOCUMENTATION_COMMENTS = YES;
				CLANG_WARN_EMPTY_BODY = YES;
				CLANG_WARN_ENUM_CONVERSION = YES;
				CLANG_WARN_INFINITE_RECURSION = YES;
				CLANG_WARN_INT_CONVERSION = YES;
				CLANG_WARN_NON_LITERAL_NULL_CONVERSION = YES;
				CLANG_WARN_OBJC_IMPLICIT_RETAIN_SELF = YES;
				CLANG_WARN_OBJC_LITERAL_CONVERSION = YES;
				CLANG_WARN_OBJC_ROOT_CLASS = YES_ERROR;
				CLANG_WARN_QUOTED_INCLUDE_IN_FRAMEWORK_HEADER = YES;
				CLANG_WARN_RANGE_LOOP_ANALYSIS = YES;
				CLANG_WARN_STRICT_PROTOTYPES = YES;
				CLANG_WARN_SUSPICIOUS_MOVE = YES;
				CLANG_WARN_UNGUARDED_AVAILABILITY = YES_AGGRESSIVE;
				CLANG_WARN_UNREACHABLE_CODE = YES;
				CLANG_WARN__DUPLICATE_METHOD_MATCH = YES;
				COPY_PHASE_STRIP = YES;
				DEBUG_INFORMATION_FORMAT = "dwarf";
				ENABLE_NS_ASSERTIONS = NO;
				ENABLE_STRICT_OBJC_MSGSEND = YES;
				ENABLE_USER_SCRIPT_SANDBOXING = YES;
				GCC_GENERATE_DEBUGGING_SYMBOLS = NO;
				GCC_C_LANGUAGE_STANDARD = gnu17;
				GCC_NO_COMMON_BLOCKS = YES;
				GCC_WARN_64_TO_32_BIT_CONVERSION = YES;
				GCC_WARN_ABOUT_RETURN_TYPE = YES_ERROR;
				GCC_WARN_UNDECLARED_SELECTOR = YES;
				GCC_WARN_UNINITIALIZED_AUTOS = YES_AGGRESSIVE;
				GCC_WARN_UNUSED_FUNCTION = YES;
				GCC_WARN_UNUSED_VARIABLE = YES;
				IPHONEOS_DEPLOYMENT_TARGET = 17.0;
				MTL_ENABLE_DEBUG_INFO = NO;
				MTL_FAST_MATH = YES;
				SDKROOT = iphoneos;
				SWIFT_COMPILATION_MODE = wholemodule;
				SWIFT_SERIALIZE_DEBUGGING_OPTIONS = NO;
				VALIDATE_PRODUCT = YES;
			};
			name = Release;
		};
		100000000000000000000003 /* Debug */ = {
			isa = XCBuildConfiguration;
			buildSettings = {
				ASSETCATALOG_COMPILER_ACCENT_COLOR_NAME = AccentColor;
				ASSETCATALOG_COMPILER_APPICON_NAME = AppIcon;
				CODE_SIGN_STYLE = Automatic;
				CURRENT_PROJECT_VERSION = 1;
				DEVELOPMENT_TEAM = 492XJU92ZC;
				ENABLE_PREVIEWS = YES;
				GENERATE_INFOPLIST_FILE = YES;
				INFOPLIST_FILE = XingyuMusicBox/Info.plist;
				INFOPLIST_KEY_CFBundleDisplayName = "星语音乐盒";
				INFOPLIST_KEY_UIApplicationSceneManifest_Generation = YES;
				INFOPLIST_KEY_UIApplicationSupportsIndirectInputEvents = YES;
				INFOPLIST_KEY_UILaunchScreen_Generation = YES;
				INFOPLIST_KEY_UISupportedInterfaceOrientations_iPad = "UIInterfaceOrientationPortrait UIInterfaceOrientationPortraitUpsideDown UIInterfaceOrientationLandscapeLeft UIInterfaceOrientationLandscapeRight";
				INFOPLIST_KEY_UISupportedInterfaceOrientations_iPhone = "UIInterfaceOrientationPortrait UIInterfaceOrientationLandscapeLeft UIInterfaceOrientationLandscapeRight";
				IPHONEOS_DEPLOYMENT_TARGET = 17.0;
				LD_RUNPATH_SEARCH_PATHS = (
					"$(inherited)",
					"@executable_path/Frameworks",
				);
				MARKETING_VERSION = 0.4.1;
				PRODUCT_BUNDLE_IDENTIFIER = com.xingyu.musicbox;
				PRODUCT_NAME = "$(TARGET_NAME)";
				SWIFT_EMIT_LOC_STRINGS = YES;
				SWIFT_VERSION = 5.0;
				TARGETED_DEVICE_FAMILY = "1,2";
			};
			name = Debug;
		};
		100000000000000000000004 /* Release */ = {
			isa = XCBuildConfiguration;
			buildSettings = {
				ASSETCATALOG_COMPILER_ACCENT_COLOR_NAME = AccentColor;
				ASSETCATALOG_COMPILER_APPICON_NAME = AppIcon;
				CODE_SIGN_STYLE = Automatic;
				CURRENT_PROJECT_VERSION = 1;
				DEVELOPMENT_TEAM = 492XJU92ZC;
				ENABLE_PREVIEWS = YES;
				GENERATE_INFOPLIST_FILE = YES;
				INFOPLIST_FILE = XingyuMusicBox/Info.plist;
				INFOPLIST_KEY_CFBundleDisplayName = "星语音乐盒";
				INFOPLIST_KEY_UIApplicationSceneManifest_Generation = YES;
				INFOPLIST_KEY_UIApplicationSupportsIndirectInputEvents = YES;
				INFOPLIST_KEY_UILaunchScreen_Generation = YES;
				INFOPLIST_KEY_UISupportedInterfaceOrientations_iPad = "UIInterfaceOrientationPortrait UIInterfaceOrientationPortraitUpsideDown UIInterfaceOrientationLandscapeLeft UIInterfaceOrientationLandscapeRight";
				INFOPLIST_KEY_UISupportedInterfaceOrientations_iPhone = "UIInterfaceOrientationPortrait UIInterfaceOrientationLandscapeLeft UIInterfaceOrientationLandscapeRight";
				IPHONEOS_DEPLOYMENT_TARGET = 17.0;
				LD_RUNPATH_SEARCH_PATHS = (
					"$(inherited)",
					"@executable_path/Frameworks",
				);
				MARKETING_VERSION = 0.4.1;
				PRODUCT_BUNDLE_IDENTIFIER = com.xingyu.musicbox;
				PRODUCT_NAME = "$(TARGET_NAME)";
				SWIFT_EMIT_LOC_STRINGS = YES;
				SWIFT_VERSION = 5.0;
				TARGETED_DEVICE_FAMILY = "1,2";
			};
			name = Release;
		};
		101000000000000000000001 /* Debug */ = {
			isa = XCBuildConfiguration;
			buildSettings = {
				ARCHS = arm64;
				CODE_SIGN_ENTITLEMENTS = ../macos/XingyuMusicBoxMac/XingyuMusicBoxMac.entitlements;
				CODE_SIGN_STYLE = Automatic;
				CURRENT_PROJECT_VERSION = 1;
				DEVELOPMENT_TEAM = 492XJU92ZC;
				ENABLE_DEBUG_DYLIB = NO;
				ENABLE_HARDENED_RUNTIME = NO;
				ENABLE_PREVIEWS = NO;
				ENABLE_USER_SCRIPT_SANDBOXING = NO;
				EXCLUDED_ARCHS = x86_64;
				GENERATE_INFOPLIST_FILE = YES;
				INFOPLIST_FILE = ../macos/XingyuMusicBoxMac/Info.plist;
				INFOPLIST_KEY_CFBundleName = "星语音乐盒";
				INFOPLIST_KEY_CFBundleDisplayName = "星语音乐盒";
				LD_RUNPATH_SEARCH_PATHS = (
					"$(inherited)",
					"@executable_path/../Frameworks",
				);
				MACOSX_DEPLOYMENT_TARGET = 14.0;
				MARKETING_VERSION = 0.4.1;
				PRODUCT_BUNDLE_IDENTIFIER = com.xingyu.musicbox.mac;
				PRODUCT_NAME = "星语音乐盒";
				SDKROOT = macosx;
				SUPPORTED_PLATFORMS = macosx;
				SWIFT_EMIT_LOC_STRINGS = YES;
				SWIFT_VERSION = 5.0;
				ASSETCATALOG_COMPILER_APPICON_NAME = AppIcon;
			};
			name = Debug;
		};
		101000000000000000000002 /* Release */ = {
			isa = XCBuildConfiguration;
			buildSettings = {
				ARCHS = arm64;
				CODE_SIGN_ENTITLEMENTS = ../macos/XingyuMusicBoxMac/XingyuMusicBoxMac.entitlements;
				CODE_SIGN_STYLE = Automatic;
				CURRENT_PROJECT_VERSION = 1;
				DEVELOPMENT_TEAM = 492XJU92ZC;
				ENABLE_HARDENED_RUNTIME = YES;
				ENABLE_PREVIEWS = YES;
				ENABLE_USER_SCRIPT_SANDBOXING = NO;
				EXCLUDED_ARCHS = x86_64;
				GENERATE_INFOPLIST_FILE = YES;
				INFOPLIST_FILE = ../macos/XingyuMusicBoxMac/Info.plist;
				INFOPLIST_KEY_CFBundleName = "星语音乐盒";
				INFOPLIST_KEY_CFBundleDisplayName = "星语音乐盒";
				LD_RUNPATH_SEARCH_PATHS = (
					"$(inherited)",
					"@executable_path/../Frameworks",
				);
				MACOSX_DEPLOYMENT_TARGET = 14.0;
				MARKETING_VERSION = 0.4.1;
				PRODUCT_BUNDLE_IDENTIFIER = com.xingyu.musicbox.mac;
				PRODUCT_NAME = "星语音乐盒";
				SDKROOT = macosx;
				SUPPORTED_PLATFORMS = macosx;
				SWIFT_EMIT_LOC_STRINGS = YES;
				SWIFT_VERSION = 5.0;
				ASSETCATALOG_COMPILER_APPICON_NAME = AppIcon;
			};
			name = Release;
		};
/* End XCBuildConfiguration section */

/* Begin XCConfigurationList section */
		090000000000000000000001 /* Build configuration list for PBXProject "XingyuMusicBox" */ = {
			isa = XCConfigurationList;
			buildConfigurations = (
				100000000000000000000001 /* Debug */,
				100000000000000000000002 /* Release */,
			);
			defaultConfigurationIsVisible = 0;
			defaultConfigurationName = Release;
		};
		090000000000000000000002 /* Build configuration list for PBXNativeTarget "XingyuMusicBox" */ = {
			isa = XCConfigurationList;
			buildConfigurations = (
				100000000000000000000003 /* Debug */,
				100000000000000000000004 /* Release */,
			);
			defaultConfigurationIsVisible = 0;
			defaultConfigurationName = Release;
		};
		091000000000000000000001 /* Build configuration list for PBXNativeTarget "XingyuMusicBoxMac" */ = {
			isa = XCConfigurationList;
			buildConfigurations = (
				101000000000000000000001 /* Debug */,
				101000000000000000000002 /* Release */,
			);
			defaultConfigurationIsVisible = 0;
			defaultConfigurationName = Release;
		};
/* End XCConfigurationList section */
	};
	rootObject = 080000000000000000000001 /* Project object */;
}
